
Microsoft Visual Studio Solution File, Format Version 12.00
# Visual Studio Version 17
VisualStudioVersion = 17.0.31903.59
MinimumVisualStudioVersion = 10.0.40219.1
Project("{2150E333-8FDC-42A3-9474-1A3956D46DE8}") = "src", "src", "{827E0CD3-B72D-47B6-A68D-7590B98EB39B}"
	ProjectSection(SolutionItems) = preProject
		src\provide backend implementation plan - provide backend implementation plan.csv = src\provide backend implementation plan - provide backend implementation plan.csv
	EndProjectSection
EndProject
Project("{2150E333-8FDC-42A3-9474-1A3956D46DE8}") = "Hosts", "Hosts", "{C79C3622-AC92-5B3C-4F71-0BD0E7B3816F}"
EndProject
Project("{FAE04EC0-301F-11D3-BF4B-00C04F79EFBC}") = "ELearningPTIT.Hosts.Main", "src\Hosts\ELearningPTIT.Hosts.Main\ELearningPTIT.Hosts.Main.csproj", "{518C6C0B-EAA8-4D9C-AB63-F9AD06BD49FD}"
EndProject
Project("{2150E333-8FDC-42A3-9474-1A3956D46DE8}") = "Modules", "Modules", "{EC447DCF-ABFA-6E24-52A5-D7FD48A5C558}"
EndProject
Project("{2150E333-8FDC-42A3-9474-1A3956D46DE8}") = "YourFeature", "YourFeature", "{D8C0F2DC-EA52-6464-A86B-40D64B5EF296}"
EndProject
Project("{FAE04EC0-301F-11D3-BF4B-00C04F79EFBC}") = "YourCompany.YourProject.Modules.YourFeature.Domain", "src\Modules\YourFeature\YourCompany.YourProject.Modules.YourFeature.Domain\YourCompany.YourProject.Modules.YourFeature.Domain.csproj", "{1BFA7B5D-D439-4B97-A5BC-BE04E6D1D9AA}"
EndProject
Project("{FAE04EC0-301F-11D3-BF4B-00C04F79EFBC}") = "YourCompany.YourProject.Modules.YourFeature.Infrastructure", "src\Modules\YourFeature\YourCompany.YourProject.Modules.YourFeature.Infrastructure\YourCompany.YourProject.Modules.YourFeature.Infrastructure.csproj", "{65BC14C6-6528-4CE4-97FE-95A4D11E2EDF}"
EndProject
Project("{FAE04EC0-301F-11D3-BF4B-00C04F79EFBC}") = "YourCompany.YourProject.Modules.YourFeature.Application", "src\Modules\YourFeature\YourCompany.YourProject.Modules.YourFeature.Application\YourCompany.YourProject.Modules.YourFeature.Application.csproj", "{2EA36B86-EB58-48D3-B08A-E5D3AADDD5AC}"
EndProject
Project("{FAE04EC0-301F-11D3-BF4B-00C04F79EFBC}") = "YourCompany.YourProject.Modules.YourFeature.Api", "src\Modules\YourFeature\YourCompany.YourProject.Modules.YourFeature.Api\YourCompany.YourProject.Modules.YourFeature.Api.csproj", "{BE9F6693-3993-4064-91CC-C1B551432912}"
EndProject
Project("{2150E333-8FDC-42A3-9474-1A3956D46DE8}") = "Tests", "Tests", "{4BAD616E-E4F7-4441-A191-D2F4E327E70E}"
EndProject
Project("{FAE04EC0-301F-11D3-BF4B-00C04F79EFBC}") = "YourCompany.YourProject.Modules.YourFeature.Tests.UnitTests", "src\Modules\YourFeature\Tests\YourCompany.YourProject.Modules.YourFeature.Tests.UnitTests\YourCompany.YourProject.Modules.YourFeature.Tests.UnitTests.csproj", "{9D628A3E-868F-4136-B3B1-E984FB1BD8B8}"
EndProject
Project("{FAE04EC0-301F-11D3-BF4B-00C04F79EFBC}") = "YourCompany.YourProject.Modules.YourFeature.Tests.IntegrationTests", "src\Modules\YourFeature\Tests\YourCompany.YourProject.Modules.YourFeature.Tests.IntegrationTests\YourCompany.YourProject.Modules.YourFeature.Tests.IntegrationTests.csproj", "{8683CA33-5353-471C-BE20-1D24555D1BFC}"
EndProject
Project("{2150E333-8FDC-42A3-9474-1A3956D46DE8}") = "Shared", "Shared", "{8597D416-919E-49A3-840A-892CC5AFEAF1}"
EndProject
Project("{FAE04EC0-301F-11D3-BF4B-00C04F79EFBC}") = "YourCompany.YourProject.Shared.Api", "src\Shared\YourCompany.YourProject.Shared.Api\YourCompany.YourProject.Shared.Api.csproj", "{07B1713C-8109-4F77-B79C-04662E0D41A6}"
EndProject
Project("{FAE04EC0-301F-11D3-BF4B-00C04F79EFBC}") = "YourCompany.YourProject.Shared.Core", "src\Shared\YourCompany.YourProject.Shared.Core\YourCompany.YourProject.Shared.Core.csproj", "{244E27CC-120C-4FBC-B10C-CAD75EAB3A7E}"
EndProject
Project("{FAE04EC0-301F-11D3-BF4B-00C04F79EFBC}") = "YourCompany.YourProject.Shared.Infrastructure", "src\Shared\YourCompany.YourProject.Shared.Infrastructure\YourCompany.YourProject.Shared.Infrastructure.csproj", "{026F3695-3D55-43AB-8251-9CE6F632A2BA}"
EndProject
Project("{2150E333-8FDC-42A3-9474-1A3956D46DE8}") = "Tests", "Tests", "{F15383B8-9836-4C8C-B927-3FA20E9684E6}"
EndProject
Project("{FAE04EC0-301F-11D3-BF4B-00C04F79EFBC}") = "YourCompany.YourProject.Shared.UnitTests", "src\Shared\Tests\YourCompany.YourProject.Shared.UnitTests\YourCompany.YourProject.Shared.UnitTests.csproj", "{DC8F345D-1926-41AE-A028-3192B7354325}"
EndProject
Project("{FAE04EC0-301F-11D3-BF4B-00C04F79EFBC}") = "YourCompany.YourProject.Shared.IntegrationTests", "src\Shared\Tests\YourCompany.YourProject.Shared.IntegrationTests\YourCompany.YourProject.Shared.IntegrationTests.csproj", "{5C4913A7-A87B-4287-98CA-B89F8CA8DC3D}"
EndProject
Project("{FAE04EC0-301F-11D3-BF4B-00C04F79EFBC}") = "YourCompany.YourProject.Shared.Infrastructure.EntityFramework", "src\Shared\YourCompany.YourProject.Shared.Infrastructure.EntityFramework\YourCompany.YourProject.Shared.Infrastructure.EntityFramework.csproj", "{104A1303-2FBA-44F3-98DB-FDF21625D957}"
EndProject
Project("{FAE04EC0-301F-11D3-BF4B-00C04F79EFBC}") = "YourCompany.YourProject.Shared.Infrastructure.CosmosDb", "src\Shared\YourCompany.YourProject.Shared.Infrastructure.CosmosDb\YourCompany.YourProject.Shared.Infrastructure.CosmosDb.csproj", "{11F22F64-C87A-4D47-A8B2-B1EA7C5681A4}"
EndProject
Project("{FAE04EC0-301F-11D3-BF4B-00C04F79EFBC}") = "YourCompany.YourProject.Shared.Infrastructure.MongoDb", "src\Shared\YourCompany.YourProject.Shared.Infrastructure.MongoDb\YourCompany.YourProject.Shared.Infrastructure.MongoDb.csproj", "{B1390CCB-2064-461B-88E3-A917CC5F56E6}"
EndProject
Project("{2150E333-8FDC-42A3-9474-1A3956D46DE8}") = "Users", "Users", "{A26F344D-182E-CE53-AD51-2154946AC6F3}"
EndProject
Project("{FAE04EC0-301F-11D3-BF4B-00C04F79EFBC}") = "ELearningPTIT.Modules.Users.Domain", "src\Modules\Users\ELearningPTIT.Modules.Users.Domain\ELearningPTIT.Modules.Users.Domain.csproj", "{97365EA7-EFC3-47D9-B326-3ECA68EE38DD}"
EndProject
Project("{FAE04EC0-301F-11D3-BF4B-00C04F79EFBC}") = "ELearningPTIT.Modules.Users.Application", "src\Modules\Users\ELearningPTIT.Modules.Users.Application\ELearningPTIT.Modules.Users.Application.csproj", "{E707EE87-2565-4114-A416-E91D131C6532}"
EndProject
Project("{FAE04EC0-301F-11D3-BF4B-00C04F79EFBC}") = "ELearningPTIT.Modules.Users.Infrastructure", "src\Modules\Users\ELearningPTIT.Modules.Users.Infrastructure\ELearningPTIT.Modules.Users.Infrastructure.csproj", "{6C6E129A-ADF2-41B8-A457-E0A85E52EB68}"
EndProject
Project("{FAE04EC0-301F-11D3-BF4B-00C04F79EFBC}") = "ELearningPTIT.Modules.Users.Api", "src\Modules\Users\ELearningPTIT.Modules.Users.Api\ELearningPTIT.Modules.Users.Api.csproj", "{3E9B0197-F13A-488D-BE70-744B511304C0}"
EndProject
Global
	GlobalSection(SolutionConfigurationPlatforms) = preSolution
		Debug|Any CPU = Debug|Any CPU
		Debug|x64 = Debug|x64
		Debug|x86 = Debug|x86
		Release|Any CPU = Release|Any CPU
		Release|x64 = Release|x64
		Release|x86 = Release|x86
	EndGlobalSection
	GlobalSection(ProjectConfigurationPlatforms) = postSolution
		{518C6C0B-EAA8-4D9C-AB63-F9AD06BD49FD}.Debug|Any CPU.ActiveCfg = Debug|Any CPU
		{518C6C0B-EAA8-4D9C-AB63-F9AD06BD49FD}.Debug|Any CPU.Build.0 = Debug|Any CPU
		{518C6C0B-EAA8-4D9C-AB63-F9AD06BD49FD}.Debug|x64.ActiveCfg = Debug|Any CPU
		{518C6C0B-EAA8-4D9C-AB63-F9AD06BD49FD}.Debug|x64.Build.0 = Debug|Any CPU
		{518C6C0B-EAA8-4D9C-AB63-F9AD06BD49FD}.Debug|x86.ActiveCfg = Debug|Any CPU
		{518C6C0B-EAA8-4D9C-AB63-F9AD06BD49FD}.Debug|x86.Build.0 = Debug|Any CPU
		{518C6C0B-EAA8-4D9C-AB63-F9AD06BD49FD}.Release|Any CPU.ActiveCfg = Release|Any CPU
		{518C6C0B-EAA8-4D9C-AB63-F9AD06BD49FD}.Release|Any CPU.Build.0 = Release|Any CPU
		{518C6C0B-EAA8-4D9C-AB63-F9AD06BD49FD}.Release|x64.ActiveCfg = Release|Any CPU
		{518C6C0B-EAA8-4D9C-AB63-F9AD06BD49FD}.Release|x64.Build.0 = Release|Any CPU
		{518C6C0B-EAA8-4D9C-AB63-F9AD06BD49FD}.Release|x86.ActiveCfg = Release|Any CPU
		{518C6C0B-EAA8-4D9C-AB63-F9AD06BD49FD}.Release|x86.Build.0 = Release|Any CPU
		{1BFA7B5D-D439-4B97-A5BC-BE04E6D1D9AA}.Debug|Any CPU.ActiveCfg = Debug|Any CPU
		{1BFA7B5D-D439-4B97-A5BC-BE04E6D1D9AA}.Debug|Any CPU.Build.0 = Debug|Any CPU
		{1BFA7B5D-D439-4B97-A5BC-BE04E6D1D9AA}.Debug|x64.ActiveCfg = Debug|Any CPU
		{1BFA7B5D-D439-4B97-A5BC-BE04E6D1D9AA}.Debug|x64.Build.0 = Debug|Any CPU
		{1BFA7B5D-D439-4B97-A5BC-BE04E6D1D9AA}.Debug|x86.ActiveCfg = Debug|Any CPU
		{1BFA7B5D-D439-4B97-A5BC-BE04E6D1D9AA}.Debug|x86.Build.0 = Debug|Any CPU
		{1BFA7B5D-D439-4B97-A5BC-BE04E6D1D9AA}.Release|Any CPU.ActiveCfg = Release|Any CPU
		{1BFA7B5D-D439-4B97-A5BC-BE04E6D1D9AA}.Release|Any CPU.Build.0 = Release|Any CPU
		{1BFA7B5D-D439-4B97-A5BC-BE04E6D1D9AA}.Release|x64.ActiveCfg = Release|Any CPU
		{1BFA7B5D-D439-4B97-A5BC-BE04E6D1D9AA}.Release|x64.Build.0 = Release|Any CPU
		{1BFA7B5D-D439-4B97-A5BC-BE04E6D1D9AA}.Release|x86.ActiveCfg = Release|Any CPU
		{1BFA7B5D-D439-4B97-A5BC-BE04E6D1D9AA}.Release|x86.Build.0 = Release|Any CPU
		{65BC14C6-6528-4CE4-97FE-95A4D11E2EDF}.Debug|Any CPU.ActiveCfg = Debug|Any CPU
		{65BC14C6-6528-4CE4-97FE-95A4D11E2EDF}.Debug|Any CPU.Build.0 = Debug|Any CPU
		{65BC14C6-6528-4CE4-97FE-95A4D11E2EDF}.Debug|x64.ActiveCfg = Debug|Any CPU
		{65BC14C6-6528-4CE4-97FE-95A4D11E2EDF}.Debug|x64.Build.0 = Debug|Any CPU
		{65BC14C6-6528-4CE4-97FE-95A4D11E2EDF}.Debug|x86.ActiveCfg = Debug|Any CPU
		{65BC14C6-6528-4CE4-97FE-95A4D11E2EDF}.Debug|x86.Build.0 = Debug|Any CPU
		{65BC14C6-6528-4CE4-97FE-95A4D11E2EDF}.Release|Any CPU.ActiveCfg = Release|Any CPU
		{65BC14C6-6528-4CE4-97FE-95A4D11E2EDF}.Release|Any CPU.Build.0 = Release|Any CPU
		{65BC14C6-6528-4CE4-97FE-95A4D11E2EDF}.Release|x64.ActiveCfg = Release|Any CPU
		{65BC14C6-6528-4CE4-97FE-95A4D11E2EDF}.Release|x64.Build.0 = Release|Any CPU
		{65BC14C6-6528-4CE4-97FE-95A4D11E2EDF}.Release|x86.ActiveCfg = Release|Any CPU
		{65BC14C6-6528-4CE4-97FE-95A4D11E2EDF}.Release|x86.Build.0 = Release|Any CPU
		{2EA36B86-EB58-48D3-B08A-E5D3AADDD5AC}.Debug|Any CPU.ActiveCfg = Debug|Any CPU
		{2EA36B86-EB58-48D3-B08A-E5D3AADDD5AC}.Debug|Any CPU.Build.0 = Debug|Any CPU
		{2EA36B86-EB58-48D3-B08A-E5D3AADDD5AC}.Debug|x64.ActiveCfg = Debug|Any CPU
		{2EA36B86-EB58-48D3-B08A-E5D3AADDD5AC}.Debug|x64.Build.0 = Debug|Any CPU
		{2EA36B86-EB58-48D3-B08A-E5D3AADDD5AC}.Debug|x86.ActiveCfg = Debug|Any CPU
		{2EA36B86-EB58-48D3-B08A-E5D3AADDD5AC}.Debug|x86.Build.0 = Debug|Any CPU
		{2EA36B86-EB58-48D3-B08A-E5D3AADDD5AC}.Release|Any CPU.ActiveCfg = Release|Any CPU
		{2EA36B86-EB58-48D3-B08A-E5D3AADDD5AC}.Release|Any CPU.Build.0 = Release|Any CPU
		{2EA36B86-EB58-48D3-B08A-E5D3AADDD5AC}.Release|x64.ActiveCfg = Release|Any CPU
		{2EA36B86-EB58-48D3-B08A-E5D3AADDD5AC}.Release|x64.Build.0 = Release|Any CPU
		{2EA36B86-EB58-48D3-B08A-E5D3AADDD5AC}.Release|x86.ActiveCfg = Release|Any CPU
		{2EA36B86-EB58-48D3-B08A-E5D3AADDD5AC}.Release|x86.Build.0 = Release|Any CPU
		{BE9F6693-3993-4064-91CC-C1B551432912}.Debug|Any CPU.ActiveCfg = Debug|Any CPU
		{BE9F6693-3993-4064-91CC-C1B551432912}.Debug|Any CPU.Build.0 = Debug|Any CPU
		{BE9F6693-3993-4064-91CC-C1B551432912}.Debug|x64.ActiveCfg = Debug|Any CPU
		{BE9F6693-3993-4064-91CC-C1B551432912}.Debug|x64.Build.0 = Debug|Any CPU
		{BE9F6693-3993-4064-91CC-C1B551432912}.Debug|x86.ActiveCfg = Debug|Any CPU
		{BE9F6693-3993-4064-91CC-C1B551432912}.Debug|x86.Build.0 = Debug|Any CPU
		{BE9F6693-3993-4064-91CC-C1B551432912}.Release|Any CPU.ActiveCfg = Release|Any CPU
		{BE9F6693-3993-4064-91CC-C1B551432912}.Release|Any CPU.Build.0 = Release|Any CPU
		{BE9F6693-3993-4064-91CC-C1B551432912}.Release|x64.ActiveCfg = Release|Any CPU
		{BE9F6693-3993-4064-91CC-C1B551432912}.Release|x64.Build.0 = Release|Any CPU
		{BE9F6693-3993-4064-91CC-C1B551432912}.Release|x86.ActiveCfg = Release|Any CPU
		{BE9F6693-3993-4064-91CC-C1B551432912}.Release|x86.Build.0 = Release|Any CPU
		{9D628A3E-868F-4136-B3B1-E984FB1BD8B8}.Debug|Any CPU.ActiveCfg = Debug|Any CPU
		{9D628A3E-868F-4136-B3B1-E984FB1BD8B8}.Debug|Any CPU.Build.0 = Debug|Any CPU
		{9D628A3E-868F-4136-B3B1-E984FB1BD8B8}.Debug|x64.ActiveCfg = Debug|Any CPU
		{9D628A3E-868F-4136-B3B1-E984FB1BD8B8}.Debug|x64.Build.0 = Debug|Any CPU
		{9D628A3E-868F-4136-B3B1-E984FB1BD8B8}.Debug|x86.ActiveCfg = Debug|Any CPU
		{9D628A3E-868F-4136-B3B1-E984FB1BD8B8}.Debug|x86.Build.0 = Debug|Any CPU
		{9D628A3E-868F-4136-B3B1-E984FB1BD8B8}.Release|Any CPU.ActiveCfg = Release|Any CPU
		{9D628A3E-868F-4136-B3B1-E984FB1BD8B8}.Release|Any CPU.Build.0 = Release|Any CPU
		{9D628A3E-868F-4136-B3B1-E984FB1BD8B8}.Release|x64.ActiveCfg = Release|Any CPU
		{9D628A3E-868F-4136-B3B1-E984FB1BD8B8}.Release|x64.Build.0 = Release|Any CPU
		{9D628A3E-868F-4136-B3B1-E984FB1BD8B8}.Release|x86.ActiveCfg = Release|Any CPU
		{9D628A3E-868F-4136-B3B1-E984FB1BD8B8}.Release|x86.Build.0 = Release|Any CPU
		{8683CA33-5353-471C-BE20-1D24555D1BFC}.Debug|Any CPU.ActiveCfg = Debug|Any CPU
		{8683CA33-5353-471C-BE20-1D24555D1BFC}.Debug|Any CPU.Build.0 = Debug|Any CPU
		{8683CA33-5353-471C-BE20-1D24555D1BFC}.Debug|x64.ActiveCfg = Debug|Any CPU
		{8683CA33-5353-471C-BE20-1D24555D1BFC}.Debug|x64.Build.0 = Debug|Any CPU
		{8683CA33-5353-471C-BE20-1D24555D1BFC}.Debug|x86.ActiveCfg = Debug|Any CPU
		{8683CA33-5353-471C-BE20-1D24555D1BFC}.Debug|x86.Build.0 = Debug|Any CPU
		{8683CA33-5353-471C-BE20-1D24555D1BFC}.Release|Any CPU.ActiveCfg = Release|Any CPU
		{8683CA33-5353-471C-BE20-1D24555D1BFC}.Release|Any CPU.Build.0 = Release|Any CPU
		{8683CA33-5353-471C-BE20-1D24555D1BFC}.Release|x64.ActiveCfg = Release|Any CPU
		{8683CA33-5353-471C-BE20-1D24555D1BFC}.Release|x64.Build.0 = Release|Any CPU
		{8683CA33-5353-471C-BE20-1D24555D1BFC}.Release|x86.ActiveCfg = Release|Any CPU
		{8683CA33-5353-471C-BE20-1D24555D1BFC}.Release|x86.Build.0 = Release|Any CPU
		{07B1713C-8109-4F77-B79C-04662E0D41A6}.Debug|Any CPU.ActiveCfg = Debug|Any CPU
		{07B1713C-8109-4F77-B79C-04662E0D41A6}.Debug|Any CPU.Build.0 = Debug|Any CPU
		{07B1713C-8109-4F77-B79C-04662E0D41A6}.Debug|x64.ActiveCfg = Debug|Any CPU
		{07B1713C-8109-4F77-B79C-04662E0D41A6}.Debug|x64.Build.0 = Debug|Any CPU
		{07B1713C-8109-4F77-B79C-04662E0D41A6}.Debug|x86.ActiveCfg = Debug|Any CPU
		{07B1713C-8109-4F77-B79C-04662E0D41A6}.Debug|x86.Build.0 = Debug|Any CPU
		{07B1713C-8109-4F77-B79C-04662E0D41A6}.Release|Any CPU.ActiveCfg = Release|Any CPU
		{07B1713C-8109-4F77-B79C-04662E0D41A6}.Release|Any CPU.Build.0 = Release|Any CPU
		{07B1713C-8109-4F77-B79C-04662E0D41A6}.Release|x64.ActiveCfg = Release|Any CPU
		{07B1713C-8109-4F77-B79C-04662E0D41A6}.Release|x64.Build.0 = Release|Any CPU
		{07B1713C-8109-4F77-B79C-04662E0D41A6}.Release|x86.ActiveCfg = Release|Any CPU
		{07B1713C-8109-4F77-B79C-04662E0D41A6}.Release|x86.Build.0 = Release|Any CPU
		{244E27CC-120C-4FBC-B10C-CAD75EAB3A7E}.Debug|Any CPU.ActiveCfg = Debug|Any CPU
		{244E27CC-120C-4FBC-B10C-CAD75EAB3A7E}.Debug|Any CPU.Build.0 = Debug|Any CPU
		{244E27CC-120C-4FBC-B10C-CAD75EAB3A7E}.Debug|x64.ActiveCfg = Debug|Any CPU
		{244E27CC-120C-4FBC-B10C-CAD75EAB3A7E}.Debug|x64.Build.0 = Debug|Any CPU
		{244E27CC-120C-4FBC-B10C-CAD75EAB3A7E}.Debug|x86.ActiveCfg = Debug|Any CPU
		{244E27CC-120C-4FBC-B10C-CAD75EAB3A7E}.Debug|x86.Build.0 = Debug|Any CPU
		{244E27CC-120C-4FBC-B10C-CAD75EAB3A7E}.Release|Any CPU.ActiveCfg = Release|Any CPU
		{244E27CC-120C-4FBC-B10C-CAD75EAB3A7E}.Release|Any CPU.Build.0 = Release|Any CPU
		{244E27CC-120C-4FBC-B10C-CAD75EAB3A7E}.Release|x64.ActiveCfg = Release|Any CPU
		{244E27CC-120C-4FBC-B10C-CAD75EAB3A7E}.Release|x64.Build.0 = Release|Any CPU
		{244E27CC-120C-4FBC-B10C-CAD75EAB3A7E}.Release|x86.ActiveCfg = Release|Any CPU
		{244E27CC-120C-4FBC-B10C-CAD75EAB3A7E}.Release|x86.Build.0 = Release|Any CPU
		{026F3695-3D55-43AB-8251-9CE6F632A2BA}.Debug|Any CPU.ActiveCfg = Debug|Any CPU
		{026F3695-3D55-43AB-8251-9CE6F632A2BA}.Debug|Any CPU.Build.0 = Debug|Any CPU
		{026F3695-3D55-43AB-8251-9CE6F632A2BA}.Debug|x64.ActiveCfg = Debug|Any CPU
		{026F3695-3D55-43AB-8251-9CE6F632A2BA}.Debug|x64.Build.0 = Debug|Any CPU
		{026F3695-3D55-43AB-8251-9CE6F632A2BA}.Debug|x86.ActiveCfg = Debug|Any CPU
		{026F3695-3D55-43AB-8251-9CE6F632A2BA}.Debug|x86.Build.0 = Debug|Any CPU
		{026F3695-3D55-43AB-8251-9CE6F632A2BA}.Release|Any CPU.ActiveCfg = Release|Any CPU
		{026F3695-3D55-43AB-8251-9CE6F632A2BA}.Release|Any CPU.Build.0 = Release|Any CPU
		{026F3695-3D55-43AB-8251-9CE6F632A2BA}.Release|x64.ActiveCfg = Release|Any CPU
		{026F3695-3D55-43AB-8251-9CE6F632A2BA}.Release|x64.Build.0 = Release|Any CPU
		{026F3695-3D55-43AB-8251-9CE6F632A2BA}.Release|x86.ActiveCfg = Release|Any CPU
		{026F3695-3D55-43AB-8251-9CE6F632A2BA}.Release|x86.Build.0 = Release|Any CPU
		{DC8F345D-1926-41AE-A028-3192B7354325}.Debug|Any CPU.ActiveCfg = Debug|Any CPU
		{DC8F345D-1926-41AE-A028-3192B7354325}.Debug|Any CPU.Build.0 = Debug|Any CPU
		{DC8F345D-1926-41AE-A028-3192B7354325}.Debug|x64.ActiveCfg = Debug|Any CPU
		{DC8F345D-1926-41AE-A028-3192B7354325}.Debug|x64.Build.0 = Debug|Any CPU
		{DC8F345D-1926-41AE-A028-3192B7354325}.Debug|x86.ActiveCfg = Debug|Any CPU
		{DC8F345D-1926-41AE-A028-3192B7354325}.Debug|x86.Build.0 = Debug|Any CPU
		{DC8F345D-1926-41AE-A028-3192B7354325}.Release|Any CPU.ActiveCfg = Release|Any CPU
		{DC8F345D-1926-41AE-A028-3192B7354325}.Release|Any CPU.Build.0 = Release|Any CPU
		{DC8F345D-1926-41AE-A028-3192B7354325}.Release|x64.ActiveCfg = Release|Any CPU
		{DC8F345D-1926-41AE-A028-3192B7354325}.Release|x64.Build.0 = Release|Any CPU
		{DC8F345D-1926-41AE-A028-3192B7354325}.Release|x86.ActiveCfg = Release|Any CPU
		{DC8F345D-1926-41AE-A028-3192B7354325}.Release|x86.Build.0 = Release|Any CPU
		{5C4913A7-A87B-4287-98CA-B89F8CA8DC3D}.Debug|Any CPU.ActiveCfg = Debug|Any CPU
		{5C4913A7-A87B-4287-98CA-B89F8CA8DC3D}.Debug|Any CPU.Build.0 = Debug|Any CPU
		{5C4913A7-A87B-4287-98CA-B89F8CA8DC3D}.Debug|x64.ActiveCfg = Debug|Any CPU
		{5C4913A7-A87B-4287-98CA-B89F8CA8DC3D}.Debug|x64.Build.0 = Debug|Any CPU
		{5C4913A7-A87B-4287-98CA-B89F8CA8DC3D}.Debug|x86.ActiveCfg = Debug|Any CPU
		{5C4913A7-A87B-4287-98CA-B89F8CA8DC3D}.Debug|x86.Build.0 = Debug|Any CPU
		{5C4913A7-A87B-4287-98CA-B89F8CA8DC3D}.Release|Any CPU.ActiveCfg = Release|Any CPU
		{5C4913A7-A87B-4287-98CA-B89F8CA8DC3D}.Release|Any CPU.Build.0 = Release|Any CPU
		{5C4913A7-A87B-4287-98CA-B89F8CA8DC3D}.Release|x64.ActiveCfg = Release|Any CPU
		{5C4913A7-A87B-4287-98CA-B89F8CA8DC3D}.Release|x64.Build.0 = Release|Any CPU
		{5C4913A7-A87B-4287-98CA-B89F8CA8DC3D}.Release|x86.ActiveCfg = Release|Any CPU
		{5C4913A7-A87B-4287-98CA-B89F8CA8DC3D}.Release|x86.Build.0 = Release|Any CPU
		{104A1303-2FBA-44F3-98DB-FDF21625D957}.Debug|Any CPU.ActiveCfg = Debug|Any CPU
		{104A1303-2FBA-44F3-98DB-FDF21625D957}.Debug|Any CPU.Build.0 = Debug|Any CPU
		{104A1303-2FBA-44F3-98DB-FDF21625D957}.Debug|x64.ActiveCfg = Debug|Any CPU
		{104A1303-2FBA-44F3-98DB-FDF21625D957}.Debug|x64.Build.0 = Debug|Any CPU
		{104A1303-2FBA-44F3-98DB-FDF21625D957}.Debug|x86.ActiveCfg = Debug|Any CPU
		{104A1303-2FBA-44F3-98DB-FDF21625D957}.Debug|x86.Build.0 = Debug|Any CPU
		{104A1303-2FBA-44F3-98DB-FDF21625D957}.Release|Any CPU.ActiveCfg = Release|Any CPU
		{104A1303-2FBA-44F3-98DB-FDF21625D957}.Release|Any CPU.Build.0 = Release|Any CPU
		{104A1303-2FBA-44F3-98DB-FDF21625D957}.Release|x64.ActiveCfg = Release|Any CPU
		{104A1303-2FBA-44F3-98DB-FDF21625D957}.Release|x64.Build.0 = Release|Any CPU
		{104A1303-2FBA-44F3-98DB-FDF21625D957}.Release|x86.ActiveCfg = Release|Any CPU
		{104A1303-2FBA-44F3-98DB-FDF21625D957}.Release|x86.Build.0 = Release|Any CPU
		{11F22F64-C87A-4D47-A8B2-B1EA7C5681A4}.Debug|Any CPU.ActiveCfg = Debug|Any CPU
		{11F22F64-C87A-4D47-A8B2-B1EA7C5681A4}.Debug|Any CPU.Build.0 = Debug|Any CPU
		{11F22F64-C87A-4D47-A8B2-B1EA7C5681A4}.Debug|x64.ActiveCfg = Debug|Any CPU
		{11F22F64-C87A-4D47-A8B2-B1EA7C5681A4}.Debug|x64.Build.0 = Debug|Any CPU
		{11F22F64-C87A-4D47-A8B2-B1EA7C5681A4}.Debug|x86.ActiveCfg = Debug|Any CPU
		{11F22F64-C87A-4D47-A8B2-B1EA7C5681A4}.Debug|x86.Build.0 = Debug|Any CPU
		{11F22F64-C87A-4D47-A8B2-B1EA7C5681A4}.Release|Any CPU.ActiveCfg = Release|Any CPU
		{11F22F64-C87A-4D47-A8B2-B1EA7C5681A4}.Release|Any CPU.Build.0 = Release|Any CPU
		{11F22F64-C87A-4D47-A8B2-B1EA7C5681A4}.Release|x64.ActiveCfg = Release|Any CPU
		{11F22F64-C87A-4D47-A8B2-B1EA7C5681A4}.Release|x64.Build.0 = Release|Any CPU
		{11F22F64-C87A-4D47-A8B2-B1EA7C5681A4}.Release|x86.ActiveCfg = Release|Any CPU
		{11F22F64-C87A-4D47-A8B2-B1EA7C5681A4}.Release|x86.Build.0 = Release|Any CPU
		{B1390CCB-2064-461B-88E3-A917CC5F56E6}.Debug|Any CPU.ActiveCfg = Debug|Any CPU
		{B1390CCB-2064-461B-88E3-A917CC5F56E6}.Debug|Any CPU.Build.0 = Debug|Any CPU
		{B1390CCB-2064-461B-88E3-A917CC5F56E6}.Debug|x64.ActiveCfg = Debug|Any CPU
		{B1390CCB-2064-461B-88E3-A917CC5F56E6}.Debug|x64.Build.0 = Debug|Any CPU
		{B1390CCB-2064-461B-88E3-A917CC5F56E6}.Debug|x86.ActiveCfg = Debug|Any CPU
		{B1390CCB-2064-461B-88E3-A917CC5F56E6}.Debug|x86.Build.0 = Debug|Any CPU
		{B1390CCB-2064-461B-88E3-A917CC5F56E6}.Release|Any CPU.ActiveCfg = Release|Any CPU
		{B1390CCB-2064-461B-88E3-A917CC5F56E6}.Release|Any CPU.Build.0 = Release|Any CPU
		{B1390CCB-2064-461B-88E3-A917CC5F56E6}.Release|x64.ActiveCfg = Release|Any CPU
		{B1390CCB-2064-461B-88E3-A917CC5F56E6}.Release|x64.Build.0 = Release|Any CPU
		{B1390CCB-2064-461B-88E3-A917CC5F56E6}.Release|x86.ActiveCfg = Release|Any CPU
		{B1390CCB-2064-461B-88E3-A917CC5F56E6}.Release|x86.Build.0 = Release|Any CPU
		{97365EA7-EFC3-47D9-B326-3ECA68EE38DD}.Debug|Any CPU.ActiveCfg = Debug|Any CPU
		{97365EA7-EFC3-47D9-B326-3ECA68EE38DD}.Debug|Any CPU.Build.0 = Debug|Any CPU
		{97365EA7-EFC3-47D9-B326-3ECA68EE38DD}.Debug|x64.ActiveCfg = Debug|Any CPU
		{97365EA7-EFC3-47D9-B326-3ECA68EE38DD}.Debug|x64.Build.0 = Debug|Any CPU
		{97365EA7-EFC3-47D9-B326-3ECA68EE38DD}.Debug|x86.ActiveCfg = Debug|Any CPU
		{97365EA7-EFC3-47D9-B326-3ECA68EE38DD}.Debug|x86.Build.0 = Debug|Any CPU
		{97365EA7-EFC3-47D9-B326-3ECA68EE38DD}.Release|Any CPU.ActiveCfg = Release|Any CPU
		{97365EA7-EFC3-47D9-B326-3ECA68EE38DD}.Release|Any CPU.Build.0 = Release|Any CPU
		{97365EA7-EFC3-47D9-B326-3ECA68EE38DD}.Release|x64.ActiveCfg = Release|Any CPU
		{97365EA7-EFC3-47D9-B326-3ECA68EE38DD}.Release|x64.Build.0 = Release|Any CPU
		{97365EA7-EFC3-47D9-B326-3ECA68EE38DD}.Release|x86.ActiveCfg = Release|Any CPU
		{97365EA7-EFC3-47D9-B326-3ECA68EE38DD}.Release|x86.Build.0 = Release|Any CPU
		{E707EE87-2565-4114-A416-E91D131C6532}.Debug|Any CPU.ActiveCfg = Debug|Any CPU
		{E707EE87-2565-4114-A416-E91D131C6532}.Debug|Any CPU.Build.0 = Debug|Any CPU
		{E707EE87-2565-4114-A416-E91D131C6532}.Debug|x64.ActiveCfg = Debug|Any CPU
		{E707EE87-2565-4114-A416-E91D131C6532}.Debug|x64.Build.0 = Debug|Any CPU
		{E707EE87-2565-4114-A416-E91D131C6532}.Debug|x86.ActiveCfg = Debug|Any CPU
		{E707EE87-2565-4114-A416-E91D131C6532}.Debug|x86.Build.0 = Debug|Any CPU
		{E707EE87-2565-4114-A416-E91D131C6532}.Release|Any CPU.ActiveCfg = Release|Any CPU
		{E707EE87-2565-4114-A416-E91D131C6532}.Release|Any CPU.Build.0 = Release|Any CPU
		{E707EE87-2565-4114-A416-E91D131C6532}.Release|x64.ActiveCfg = Release|Any CPU
		{E707EE87-2565-4114-A416-E91D131C6532}.Release|x64.Build.0 = Release|Any CPU
		{E707EE87-2565-4114-A416-E91D131C6532}.Release|x86.ActiveCfg = Release|Any CPU
		{E707EE87-2565-4114-A416-E91D131C6532}.Release|x86.Build.0 = Release|Any CPU
		{6C6E129A-ADF2-41B8-A457-E0A85E52EB68}.Debug|Any CPU.ActiveCfg = Debug|Any CPU
		{6C6E129A-ADF2-41B8-A457-E0A85E52EB68}.Debug|Any CPU.Build.0 = Debug|Any CPU
		{6C6E129A-ADF2-41B8-A457-E0A85E52EB68}.Debug|x64.ActiveCfg = Debug|Any CPU
		{6C6E129A-ADF2-41B8-A457-E0A85E52EB68}.Debug|x64.Build.0 = Debug|Any CPU
		{6C6E129A-ADF2-41B8-A457-E0A85E52EB68}.Debug|x86.ActiveCfg = Debug|Any CPU
		{6C6E129A-ADF2-41B8-A457-E0A85E52EB68}.Debug|x86.Build.0 = Debug|Any CPU
		{6C6E129A-ADF2-41B8-A457-E0A85E52EB68}.Release|Any CPU.ActiveCfg = Release|Any CPU
		{6C6E129A-ADF2-41B8-A457-E0A85E52EB68}.Release|Any CPU.Build.0 = Release|Any CPU
		{6C6E129A-ADF2-41B8-A457-E0A85E52EB68}.Release|x64.ActiveCfg = Release|Any CPU
		{6C6E129A-ADF2-41B8-A457-E0A85E52EB68}.Release|x64.Build.0 = Release|Any CPU
		{6C6E129A-ADF2-41B8-A457-E0A85E52EB68}.Release|x86.ActiveCfg = Release|Any CPU
		{6C6E129A-ADF2-41B8-A457-E0A85E52EB68}.Release|x86.Build.0 = Release|Any CPU
		{3E9B0197-F13A-488D-BE70-744B511304C0}.Debug|Any CPU.ActiveCfg = Debug|Any CPU
		{3E9B0197-F13A-488D-BE70-744B511304C0}.Debug|Any CPU.Build.0 = Debug|Any CPU
		{3E9B0197-F13A-488D-BE70-744B511304C0}.Debug|x64.ActiveCfg = Debug|Any CPU
		{3E9B0197-F13A-488D-BE70-744B511304C0}.Debug|x64.Build.0 = Debug|Any CPU
		{3E9B0197-F13A-488D-BE70-744B511304C0}.Debug|x86.ActiveCfg = Debug|Any CPU
		{3E9B0197-F13A-488D-BE70-744B511304C0}.Debug|x86.Build.0 = Debug|Any CPU
		{3E9B0197-F13A-488D-BE70-744B511304C0}.Release|Any CPU.ActiveCfg = Release|Any CPU
		{3E9B0197-F13A-488D-BE70-744B511304C0}.Release|Any CPU.Build.0 = Release|Any CPU
		{3E9B0197-F13A-488D-BE70-744B511304C0}.Release|x64.ActiveCfg = Release|Any CPU
		{3E9B0197-F13A-488D-BE70-744B511304C0}.Release|x64.Build.0 = Release|Any CPU
		{3E9B0197-F13A-488D-BE70-744B511304C0}.Release|x86.ActiveCfg = Release|Any CPU
		{3E9B0197-F13A-488D-BE70-744B511304C0}.Release|x86.Build.0 = Release|Any CPU
	EndGlobalSection
	GlobalSection(SolutionProperties) = preSolution
		HideSolutionNode = FALSE
	EndGlobalSection
	GlobalSection(NestedProjects) = preSolution
		{C79C3622-AC92-5B3C-4F71-0BD0E7B3816F} = {827E0CD3-B72D-47B6-A68D-7590B98EB39B}
		{518C6C0B-EAA8-4D9C-AB63-F9AD06BD49FD} = {C79C3622-AC92-5B3C-4F71-0BD0E7B3816F}
		{EC447DCF-ABFA-6E24-52A5-D7FD48A5C558} = {827E0CD3-B72D-47B6-A68D-7590B98EB39B}
		{D8C0F2DC-EA52-6464-A86B-40D64B5EF296} = {EC447DCF-ABFA-6E24-52A5-D7FD48A5C558}
		{1BFA7B5D-D439-4B97-A5BC-BE04E6D1D9AA} = {D8C0F2DC-EA52-6464-A86B-40D64B5EF296}
		{65BC14C6-6528-4CE4-97FE-95A4D11E2EDF} = {D8C0F2DC-EA52-6464-A86B-40D64B5EF296}
		{2EA36B86-EB58-48D3-B08A-E5D3AADDD5AC} = {D8C0F2DC-EA52-6464-A86B-40D64B5EF296}
		{BE9F6693-3993-4064-91CC-C1B551432912} = {D8C0F2DC-EA52-6464-A86B-40D64B5EF296}
		{4BAD616E-E4F7-4441-A191-D2F4E327E70E} = {D8C0F2DC-EA52-6464-A86B-40D64B5EF296}
		{9D628A3E-868F-4136-B3B1-E984FB1BD8B8} = {4BAD616E-E4F7-4441-A191-D2F4E327E70E}
		{8683CA33-5353-471C-BE20-1D24555D1BFC} = {4BAD616E-E4F7-4441-A191-D2F4E327E70E}
		{8597D416-919E-49A3-840A-892CC5AFEAF1} = {827E0CD3-B72D-47B6-A68D-7590B98EB39B}
		{07B1713C-8109-4F77-B79C-04662E0D41A6} = {8597D416-919E-49A3-840A-892CC5AFEAF1}
		{244E27CC-120C-4FBC-B10C-CAD75EAB3A7E} = {8597D416-919E-49A3-840A-892CC5AFEAF1}
		{026F3695-3D55-43AB-8251-9CE6F632A2BA} = {8597D416-919E-49A3-840A-892CC5AFEAF1}
		{F15383B8-9836-4C8C-B927-3FA20E9684E6} = {8597D416-919E-49A3-840A-892CC5AFEAF1}
		{DC8F345D-1926-41AE-A028-3192B7354325} = {F15383B8-9836-4C8C-B927-3FA20E9684E6}
		{5C4913A7-A87B-4287-98CA-B89F8CA8DC3D} = {F15383B8-9836-4C8C-B927-3FA20E9684E6}
		{104A1303-2FBA-44F3-98DB-FDF21625D957} = {8597D416-919E-49A3-840A-892CC5AFEAF1}
		{11F22F64-C87A-4D47-A8B2-B1EA7C5681A4} = {8597D416-919E-49A3-840A-892CC5AFEAF1}
		{B1390CCB-2064-461B-88E3-A917CC5F56E6} = {8597D416-919E-49A3-840A-892CC5AFEAF1}
		{A26F344D-182E-CE53-AD51-2154946AC6F3} = {EC447DCF-ABFA-6E24-52A5-D7FD48A5C558}
		{97365EA7-EFC3-47D9-B326-3ECA68EE38DD} = {A26F344D-182E-CE53-AD51-2154946AC6F3}
		{E707EE87-2565-4114-A416-E91D131C6532} = {A26F344D-182E-CE53-AD51-2154946AC6F3}
		{6C6E129A-ADF2-41B8-A457-E0A85E52EB68} = {A26F344D-182E-CE53-AD51-2154946AC6F3}
		{3E9B0197-F13A-488D-BE70-744B511304C0} = {A26F344D-182E-CE53-AD51-2154946AC6F3}
	EndGlobalSection
EndGlobal
